
Microsoft Visual Studio Solution File, Format Version 12.00
# Visual Studio Version 17
VisualStudioVersion = 17.6.33723.286
MinimumVisualStudioVersion = 10.0.40219.1
Project("{FAE04EC0-301F-11D3-BF4B-00C04F79EFBC}") = "FunctionApp", "FunctionApp\FunctionApp.csproj", "{B1F7AA8C-16D6-4523-A20B-2574ADB89E1B}"
EndProject
Project("{FAE04EC0-301F-11D3-BF4B-00C04F79EFBC}") = "FunctionUnitTest", "FunctionUnitTest\FunctionUnitTest.csproj", "{C67A9E48-DF39-47BF-80BF-DC7093416ED1}"
EndProject
Global
	GlobalSection(SolutionConfigurationPlatforms) = preSolution
		Debug|Any CPU = Debug|Any CPU
		Release|Any CPU = Release|Any CPU
	EndGlobalSection
	GlobalSection(ProjectConfigurationPlatforms) = postSolution
		{B1F7AA8C-16D6-4523-A20B-2574ADB89E1B}.Debug|Any CPU.ActiveCfg = Debug|Any CPU
		{B1F7AA8C-16D6-4523-A20B-2574ADB89E1B}.Debug|Any CPU.Build.0 = Debug|Any CPU
		{B1F7AA8C-16D6-4523-A20B-2574ADB89E1B}.Release|Any CPU.ActiveCfg = Release|Any CPU
		{B1F7AA8C-16D6-4523-A20B-2574ADB89E1B}.Release|Any CPU.Build.0 = Release|Any CPU
		{C67A9E48-DF39-47BF-80BF-DC7093416ED1}.Debug|Any CPU.ActiveCfg = Debug|Any CPU
		{C67A9E48-DF39-47BF-80BF-DC7093416ED1}.Debug|Any CPU.Build.0 = Debug|Any CPU
		{C67A9E48-DF39-47BF-80BF-DC7093416ED1}.Release|Any CPU.ActiveCfg = Release|Any CPU
		{C67A9E48-DF39-47BF-80BF-DC7093416ED1}.Release|Any CPU.Build.0 = Release|Any CPU
	EndGlobalSection
	GlobalSection(SolutionProperties) = preSolution
		HideSolutionNode = FALSE
	EndGlobalSection
	GlobalSection(ExtensibilityGlobals) = postSolution
		SolutionGuid = {932930EA-CC29-4247-BDBD-57D39FC3636D}
	EndGlobalSection
EndGlobal
